// !$*UTF8*$!
{
	archiveVersion = 1;
	classes = {
	};
	objectVersion = 46;
	objects = {

/* Begin PBXBuildFile section */
		DA5E630C1CCEA8D50050919E /* AppDelegate.swift in Sources */ = {isa = PBXBuildFile; fileRef = DA5E630B1CCEA8D50050919E /* AppDelegate.swift */; };
		DA5E630E1CCEA8D50050919E /* ViewController.swift in Sources */ = {isa = PBXBuildFile; fileRef = DA5E630D1CCEA8D50050919E /* ViewController.swift */; };
		DA5E63111CCEA8D50050919E /* Main.storyboard in Resources */ = {isa = PBXBuildFile; fileRef = DA5E630F1CCEA8D50050919E /* Main.storyboard */; };
		DA5E63131CCEA8D50050919E /* Assets.xcassets in Resources */ = {isa = PBXBuildFile; fileRef = DA5E63121CCEA8D50050919E /* Assets.xcassets */; };
		DA5E63161CCEA8D50050919E /* LaunchScreen.storyboard in Resources */ = {isa = PBXBuildFile; fileRef = DA5E63141CCEA8D50050919E /* LaunchScreen.storyboard */; };
/* End PBXBuildFile section */

/* Begin PBXFileReference section */
		DA5E63081CCEA8D50050919E /* SuperCool.app */ = {isa = PBXFileReference; explicitFileType = wrapper.application; includeInIndex = 0; path = SuperCool.app; sourceTree = BUILT_PRODUCTS_DIR; };
		DA5E630B1CCEA8D50050919E /* AppDelegate.swift */ = {isa = PBXFileReference; lastKnownFileType = sourcecode.swift; path = AppDelegate.swift; sourceTree = "<group>"; };
		DA5E630D1CCEA8D50050919E /* ViewController.swift */ = {isa = PBXFileReference; lastKnownFileType = sourcecode.swift; path = ViewController.swift; sourceTree = "<group>"; };
		DA5E63101CCEA8D50050919E /* Base */ = {isa = PBXFileReference; lastKnownFileType = file.storyboard; name = Base; path = Base.lproj/Main.storyboard; sourceTree = "<group>"; };
		DA5E63121CCEA8D50050919E /* Assets.xcassets */ = {isa = PBXFileReference; lastKnownFileType = folder.assetcatalog; path = Assets.xcassets; sourceTree = "<group>"; };
		DA5E63151CCEA8D50050919E /* Base */ = {isa = PBXFileReference; lastKnownFileType = file.storyboard; name = Base; path = Base.lproj/LaunchScreen.storyboard; sourceTree = "<group>"; };
		DA5E63171CCEA8D50050919E /* Info.plist */ = {isa = PBXFileReference; lastKnownFileType = text.plist.xml; path = Info.plist; sourceTree = "<group>"; };
/* End PBXFileReference section */

/* Begin PBXFrameworksBuildPhase section */
		DA5E63051CCEA8D50050919E /* Frameworks */ = {
			isa = PBXFrameworksBuildPhase;
			buildActionMask = 2147483647;
			files = (
			);
			runOnlyForDeploymentPostprocessing = 0;
		};
/* End PBXFrameworksBuildPhase section */

/* Begin PBXGroup section */
		DA5E62FF1CCEA8D50050919E = {
			isa = PBXGroup;
			children = (
				DA5E630A1CCEA8D50050919E /* SuperCool */,
				DA5E63091CCEA8D50050919E /* Products */,
			);
			sourceTree = "<group>";
		};
		DA5E63091CCEA8D50050919E /* Products */ = {
			isa = PBXGroup;
			children = (
				DA5E63081CCEA8D50050919E /* SuperCool.app */,
			);
			name = Products;
			sourceTree = "<group>";
		};
		DA5E630A1CCEA8D50050919E /* SuperCool */ = {
			isa = PBXGroup;
			children = (
				DA5E630B1CCEA8D50050919E /* AppDelegate.swift */,
				DA5E630D1CCEA8D50050919E /* ViewController.swift */,
				DA5E630F1CCEA8D50050919E /* Main.storyboard */,
				DA5E63121CCEA8D50050919E /* Assets.xcassets */,
				DA5E63141CCEA8D50050919E /* LaunchScreen.storyboard */,
				DA5E63171CCEA8D50050919E /* Info.plist */,
			);
			path = SuperCool;
			sourceTree = "<group>";
		};
/* End PBXGroup section */

/* Begin PBXNativeTarget section */
		DA5E63071CCEA8D50050919E /* SuperCool */ = {
			isa = PBXNativeTarget;
			buildConfigurationList = DA5E631A1CCEA8D50050919E /* Build configuration list for PBXNativeTarget "SuperCool" */;
			buildPhases = (
				DA5E63041CCEA8D50050919E /* Sources */,
				DA5E63051CCEA8D50050919E /* Frameworks */,
				DA5E63061CCEA8D50050919E /* Resources */,
			);
			buildRules = (
			);
			dependencies = (
			);
			name = SuperCool;
			productName = SuperCool;
			productReference = DA5E63081CCEA8D50050919E /* SuperCool.app */;
			productType = "com.apple.product-type.application";
		};
/* End PBXNativeTarget section */

/* Begin PBXProject section */
		DA5E63001CCEA8D50050919E /* Project object */ = {
			isa = PBXProject;
			attributes = {
				LastSwiftUpdateCheck = 0730;
				LastUpgradeCheck = 0730;
				ORGANIZATIONNAME = "Paul Borker";
				TargetAttributes = {
					DA5E63071CCEA8D50050919E = {
						CreatedOnToolsVersion = 7.3;
						DevelopmentTeam = YF2WG625BU;
					};
				};
			};
			buildConfigurationList = DA5E63031CCEA8D50050919E /* Build configuration list for PBXProject "SuperCool" */;
			compatibilityVersion = "Xcode 3.2";
			developmentRegion = English;
			hasScannedForEncodings = 0;
			knownRegions = (
				en,
				Base,
			);
			mainGroup = DA5E62FF1CCEA8D50050919E;
			productRefGroup = DA5E63091CCEA8D50050919E /* Products */;
			projectDirPath = "";
			projectRoot = "";
			targets = (
				DA5E63071CCEA8D50050919E /* SuperCool */,
			);
		};
/* End PBXProject section */

/* Begin PBXResourcesBuildPhase section */
		DA5E63061CCEA8D50050919E /* Resources */ = {
			isa = PBXResourcesBuildPhase;
			buildActionMask = 2147483647;
			files = (
				DA5E63161CCEA8D50050919E /* LaunchScreen.storyboard in Resources */,
				DA5E63131CCEA8D50050919E /* Assets.xcassets in Resources */,
				DA5E63111CCEA8D50050919E /* Main.storyboard in Resources */,
			);
			runOnlyForDeploymentPostprocessing = 0;
		};
/* End PBXResourcesBuildPhase section */

/* Begin PBXSourcesBuildPhase section */
		DA5E63041CCEA8D50050919E /* Sources */ = {
			isa = PBXSourcesBuildPhase;
			buildActionMask = 2147483647;
			files = (
				DA5E630E1CCEA8D50050919E /* ViewController.swift in Sources */,
				DA5E630C1CCEA8D50050919E /* AppDelegate.swift in Sources */,
			);
			runOnlyForDeploymentPostprocessing = 0;
		};
/* End PBXSourcesBuildPhase section */

/* Begin PBXVariantGroup section */
		DA5E630F1CCEA8D50050919E /* Main.storyboard */ = {
			isa = PBXVariantGroup;
			children = (
				DA5E63101CCEA8D50050919E /* Base */,
			);
			name = Main.storyboard;
			sourceTree = "<group>";
		};
		DA5E63141CCEA8D50050919E /* LaunchScreen.storyboard */ = {
			isa = PBXVariantGroup;
			children = (
				DA5E63151CCEA8D50050919E /* Base */,
			);
			name = LaunchScreen.storyboard;
			sourceTree = "<group>";
		};
/* End PBXVariantGroup section */

/* Begin XCBuildConfiguration section */
		DA5E63181CCEA8D50050919E /* Debug */ = {
			isa = XCBuildConfiguration;
			buildSettings = {
				ALWAYS_SEARCH_USER_PATHS = NO;
				CLANG_ANALYZER_NONNULL = YES;
				CLANG_CXX_LANGUAGE_STANDARD = "gnu++0x";
				CLANG_CXX_LIBRARY = "libc++";
				CLANG_ENABLE_MODULES = YES;
				CLANG_ENABLE_OBJC_ARC = YES;
				CLANG_WARN_BOOL_CONVERSION = YES;
				CLANG_WARN_CONSTANT_CONVERSION = YES;
				CLANG_WARN_DIRECT_OBJC_ISA_USAGE = YES_ERROR;
				CLANG_WARN_EMPTY_BODY = YES;
				CLANG_WARN_ENUM_CONVERSION = YES;
				CLANG_WARN_INT_CONVERSION = YES;
				CLANG_WARN_OBJC_ROOT_CLASS = YES_ERROR;
				CLANG_WARN_UNREACHABLE_CODE = YES;
				CLANG_WARN__DUPLICATE_METHOD_MATCH = YES;
				"CODE_SIGN_IDENTITY[sdk=iphoneos*]" = "iPhone Developer";
				COPY_PHASE_STRIP = NO;
				DEBUG_INFORMATION_FORMAT = dwarf;
				ENABLE_STRICT_OBJC_MSGSEND = YES;
				ENABLE_TESTABILITY = YES;
				GCC_C_LANGUAGE_STANDARD = gnu99;
				GCC_DYNAMIC_NO_PIC = NO;
				GCC_NO_COMMON_BLOCKS = YES;
				GCC_OPTIMIZATION_LEVEL = 0;
				GCC_PREPROCESSOR_DEFINITIONS = (
					"DEBUG=1",
					"$(inherited)",
				);
				GCC_WARN_64_TO_32_BIT_CONVERSION = YES;
				GCC_WARN_ABOUT_RETURN_TYPE = YES_ERROR;
				GCC_WARN_UNDECLARED_SELECTOR = YES;
				GCC_WARN_UNINITIALIZED_AUTOS = YES_AGGRESSIVE;
				GCC_WARN_UNUSED_FUNCTION = YES;
				GCC_WARN_UNUSED_VARIABLE = YES;
				IPHONEOS_DEPLOYMENT_TARGET = 9.3;
				MTL_ENABLE_DEBUG_INFO = YES;
				ONLY_ACTIVE_ARCH = YES;
				SDKROOT = iphoneos;
				SWIFT_OPTIMIZATION_LEVEL = "-Onone";
			};
			name = Debug;
		};
		DA5E63191CCEA8D50050919E /* Release */ = {
			isa = XCBuildConfiguration;
			buildSettings = {
				ALWAYS_SEARCH_USER_PATHS = NO;
				CLANG_ANALYZER_NONNULL = YES;
				CLANG_CXX_LANGUAGE_STANDARD = "gnu++0x";
				CLANG_CXX_LIBRARY = "libc++";
				CLANG_ENABLE_MODULES = YES;
				CLANG_ENABLE_OBJC_ARC = YES;
				CLANG_WARN_BOOL_CONVERSION = YES;
				CLANG_WARN_CONSTANT_CONVERSION = YES;
				CLANG_WARN_DIRECT_OBJC_ISA_USAGE = YES_ERROR;
				CLANG_WARN_EMPTY_BODY = YES;
				CLANG_WARN_ENUM_CONVERSION = YES;
				CLANG_WARN_INT_CONVERSION = YES;
				CLANG_WARN_OBJC_ROOT_CLASS = YES_ERROR;
				CLANG_WARN_UNREACHABLE_CODE = YES;
				CLANG_WARN__DUPLICATE_METHOD_MATCH = YES;
				"CODE_SIGN_IDENTITY[sdk=iphoneos*]" = "iPhone Developer";
				COPY_PHASE_STRIP = NO;
				DEBUG_INFORMATION_FORMAT = "dwarf-with-dsym";
				ENABLE_NS_ASSERTIONS = NO;
				ENABLE_STRICT_OBJC_MSGSEND = YES;
				GCC_C_LANGUAGE_STANDARD = gnu99;
				GCC_NO_COMMON_BLOCKS = YES;
				GCC_WARN_64_TO_32_BIT_CONVERSION = YES;
				GCC_WARN_ABOUT_RETURN_TYPE = YES_ERROR;
				GCC_WARN_UNDECLARED_SELECTOR = YES;
				GCC_WARN_UNINITIALIZED_AUTOS = YES_AGGRESSIVE;
				GCC_WARN_UNUSED_FUNCTION = YES;
				GCC_WARN_UNUSED_VARIABLE = YES;
				IPHONEOS_DEPLOYMENT_TARGET = 9.3;
				MTL_ENABLE_DEBUG_INFO = NO;
				SDKROOT = iphoneos;
				VALIDATE_PRODUCT = YES;
			};
			name = Release;
		};
		DA5E631B1CCEA8D50050919E /* Debug */ = {
			isa = XCBuildConfiguration;
			buildSettings = {
				ASSETCATALOG_COMPILER_APPICON_NAME = AppIcon;
				INFOPLIST_FILE = SuperCool/Info.plist;
				LD_RUNPATH_SEARCH_PATHS = "$(inherited) @executable_path/Frameworks";
				PRODUCT_BUNDLE_IDENTIFIER = nl.borker.SuperCool;
				PRODUCT_NAME = "$(TARGET_NAME)";
			};
			name = Debug;
		};
		DA5E631C1CCEA8D50050919E /* Release */ = {
			isa = XCBuildConfiguration;
			buildSettings = {
				ASSETCATALOG_COMPILER_APPICON_NAME = AppIcon;
				INFOPLIST_FILE = SuperCool/Info.plist;
				LD_RUNPATH_SEARCH_PATHS = "$(inherited) @executable_path/Frameworks";
				PRODUCT_BUNDLE_IDENTIFIER = nl.borker.SuperCool;
				PRODUCT_NAME = "$(TARGET_NAME)";
			};
			name = Release;
		};
/* End XCBuildConfiguration section */

/* Begin XCConfigurationList section */
		DA5E63031CCEA8D50050919E /* Build configuration list for PBXProject "SuperCool" */ = {
			isa = XCConfigurationList;
			buildConfigurations = (
				DA5E63181CCEA8D50050919E /* Debug */,
				DA5E63191CCEA8D50050919E /* Release */,
			);
			defaultConfigurationIsVisible = 0;
			defaultConfigurationName = Release;
		};
		DA5E631A1CCEA8D50050919E /* Build configuration list for PBXNativeTarget "SuperCool" */ = {
			isa = XCConfigurationList;
			buildConfigurations = (
				DA5E631B1CCEA8D50050919E /* Debug */,
				DA5E631C1CCEA8D50050919E /* Release */,
			);
			defaultConfigurationIsVisible = 0;
		};
/* End XCConfigurationList section */
	};
	rootObject = DA5E63001CCEA8D50050919E /* Project object */;
}
